// !$*UTF8*$!
{
	archiveVersion = 1;
	classes = {
	};
	objectVersion = 50;
	objects = {

/* Begin PBXBuildFile section */
		3473CB4722FA5CFC0092C45D /* AppDelegate.swift in Sources */ = {isa = PBXBuildFile; fileRef = 3473CB4622FA5CFC0092C45D /* AppDelegate.swift */; };
		3473CB4922FA5CFC0092C45D /* ViewController.swift in Sources */ = {isa = PBXBuildFile; fileRef = 3473CB4822FA5CFC0092C45D /* ViewController.swift */; };
		3473CB4C22FA5CFC0092C45D /* Main.storyboard in Resources */ = {isa = PBXBuildFile; fileRef = 3473CB4A22FA5CFC0092C45D /* Main.storyboard */; };
		3473CB4E22FA5CFD0092C45D /* Assets.xcassets in Resources */ = {isa = PBXBuildFile; fileRef = 3473CB4D22FA5CFD0092C45D /* Assets.xcassets */; };
		3473CB5122FA5CFD0092C45D /* LaunchScreen.storyboard in Resources */ = {isa = PBXBuildFile; fileRef = 3473CB4F22FA5CFD0092C45D /* LaunchScreen.storyboard */; };
		3473CB5C22FA5CFD0092C45D /* Git_MVVM_CTests.swift in Sources */ = {isa = PBXBuildFile; fileRef = 3473CB5B22FA5CFD0092C45D /* Git_MVVM_CTests.swift */; };
		3473CB6722FA5CFD0092C45D /* Git_MVVM_CUITests.swift in Sources */ = {isa = PBXBuildFile; fileRef = 3473CB6622FA5CFD0092C45D /* Git_MVVM_CUITests.swift */; };
		3473CB7522FAD39F0092C45D /* Coordinator.swift in Sources */ = {isa = PBXBuildFile; fileRef = 3473CB7422FAD39F0092C45D /* Coordinator.swift */; };
		3473CB7722FAD4140092C45D /* AppCoordinator.swift in Sources */ = {isa = PBXBuildFile; fileRef = 3473CB7622FAD4140092C45D /* AppCoordinator.swift */; };
		3473CB7922FADA9A0092C45D /* Storyboarded.swift in Sources */ = {isa = PBXBuildFile; fileRef = 3473CB7822FADA9A0092C45D /* Storyboarded.swift */; };
		3473CB7B22FAE00B0092C45D /* FirstViewController.swift in Sources */ = {isa = PBXBuildFile; fileRef = 3473CB7A22FAE00B0092C45D /* FirstViewController.swift */; };
		3473CB7D22FAE0290092C45D /* SecondViewController.swift in Sources */ = {isa = PBXBuildFile; fileRef = 3473CB7C22FAE0290092C45D /* SecondViewController.swift */; };
		3473CB7F22FAE3680092C45D /* FirstCoordinator.swift in Sources */ = {isa = PBXBuildFile; fileRef = 3473CB7E22FAE3680092C45D /* FirstCoordinator.swift */; };
		3473CB8122FAE4820092C45D /* SecondCoordinator.swift in Sources */ = {isa = PBXBuildFile; fileRef = 3473CB8022FAE4820092C45D /* SecondCoordinator.swift */; };
		3473CB9222FD7E3B0092C45D /* Constants.swift in Sources */ = {isa = PBXBuildFile; fileRef = 3473CB9122FD7E3B0092C45D /* Constants.swift */; };
		3473CB9422FD82120092C45D /* PhotosSearchViewModelType.swift in Sources */ = {isa = PBXBuildFile; fileRef = 3473CB9322FD82120092C45D /* PhotosSearchViewModelType.swift */; };
		58336447A17E32FBE8B7A9B7 /* Pods_Git_MVVM_CTests.framework in Frameworks */ = {isa = PBXBuildFile; fileRef = 73CF0C95699A6B669F920E8C /* Pods_Git_MVVM_CTests.framework */; };
		98B14BBC69E4691FEB3C6DD5 /* Pods_Git_MVVM_CUITests.framework in Frameworks */ = {isa = PBXBuildFile; fileRef = C8B42B8F041C169123729358 /* Pods_Git_MVVM_CUITests.framework */; };
		E2E303453260530A7E3A92CF /* Pods_Git_MVVM_C.framework in Frameworks */ = {isa = PBXBuildFile; fileRef = C8B834D271FCD3FBF44A4C07 /* Pods_Git_MVVM_C.framework */; };
/* End PBXBuildFile section */

/* Begin PBXContainerItemProxy section */
		3473CB5822FA5CFD0092C45D /* PBXContainerItemProxy */ = {
			isa = PBXContainerItemProxy;
			containerPortal = 3473CB3B22FA5CFC0092C45D /* Project object */;
			proxyType = 1;
			remoteGlobalIDString = 3473CB4222FA5CFC0092C45D;
			remoteInfo = Git_MVVM_C;
		};
		3473CB6322FA5CFD0092C45D /* PBXContainerItemProxy */ = {
			isa = PBXContainerItemProxy;
			containerPortal = 3473CB3B22FA5CFC0092C45D /* Project object */;
			proxyType = 1;
			remoteGlobalIDString = 3473CB4222FA5CFC0092C45D;
			remoteInfo = Git_MVVM_C;
		};
/* End PBXContainerItemProxy section */

/* Begin PBXFileReference section */
		08D20AA74AAE567539E1349D /* Pods-Git_MVVM_C.release.xcconfig */ = {isa = PBXFileReference; includeInIndex = 1; lastKnownFileType = text.xcconfig; name = "Pods-Git_MVVM_C.release.xcconfig"; path = "Target Support Files/Pods-Git_MVVM_C/Pods-Git_MVVM_C.release.xcconfig"; sourceTree = "<group>"; };
		326345AE0E6F7B895721E49B /* Pods-Git_MVVM_CTests.release.xcconfig */ = {isa = PBXFileReference; includeInIndex = 1; lastKnownFileType = text.xcconfig; name = "Pods-Git_MVVM_CTests.release.xcconfig"; path = "Target Support Files/Pods-Git_MVVM_CTests/Pods-Git_MVVM_CTests.release.xcconfig"; sourceTree = "<group>"; };
		3473CB4322FA5CFC0092C45D /* Git_MVVM_C.app */ = {isa = PBXFileReference; explicitFileType = wrapper.application; includeInIndex = 0; path = Git_MVVM_C.app; sourceTree = BUILT_PRODUCTS_DIR; };
		3473CB4622FA5CFC0092C45D /* AppDelegate.swift */ = {isa = PBXFileReference; lastKnownFileType = sourcecode.swift; path = AppDelegate.swift; sourceTree = "<group>"; };
		3473CB4822FA5CFC0092C45D /* ViewController.swift */ = {isa = PBXFileReference; lastKnownFileType = sourcecode.swift; path = ViewController.swift; sourceTree = "<group>"; };
		3473CB4B22FA5CFC0092C45D /* Base */ = {isa = PBXFileReference; lastKnownFileType = file.storyboard; name = Base; path = Base.lproj/Main.storyboard; sourceTree = "<group>"; };
		3473CB4D22FA5CFD0092C45D /* Assets.xcassets */ = {isa = PBXFileReference; lastKnownFileType = folder.assetcatalog; path = Assets.xcassets; sourceTree = "<group>"; };
		3473CB5022FA5CFD0092C45D /* Base */ = {isa = PBXFileReference; lastKnownFileType = file.storyboard; name = Base; path = Base.lproj/LaunchScreen.storyboard; sourceTree = "<group>"; };
		3473CB5222FA5CFD0092C45D /* Info.plist */ = {isa = PBXFileReference; lastKnownFileType = text.plist.xml; path = Info.plist; sourceTree = "<group>"; };
		3473CB5722FA5CFD0092C45D /* Git_MVVM_CTests.xctest */ = {isa = PBXFileReference; explicitFileType = wrapper.cfbundle; includeInIndex = 0; path = Git_MVVM_CTests.xctest; sourceTree = BUILT_PRODUCTS_DIR; };
		3473CB5B22FA5CFD0092C45D /* Git_MVVM_CTests.swift */ = {isa = PBXFileReference; lastKnownFileType = sourcecode.swift; path = Git_MVVM_CTests.swift; sourceTree = "<group>"; };
		3473CB5D22FA5CFD0092C45D /* Info.plist */ = {isa = PBXFileReference; lastKnownFileType = text.plist.xml; path = Info.plist; sourceTree = "<group>"; };
		3473CB6222FA5CFD0092C45D /* Git_MVVM_CUITests.xctest */ = {isa = PBXFileReference; explicitFileType = wrapper.cfbundle; includeInIndex = 0; path = Git_MVVM_CUITests.xctest; sourceTree = BUILT_PRODUCTS_DIR; };
		3473CB6622FA5CFD0092C45D /* Git_MVVM_CUITests.swift */ = {isa = PBXFileReference; lastKnownFileType = sourcecode.swift; path = Git_MVVM_CUITests.swift; sourceTree = "<group>"; };
		3473CB6822FA5CFD0092C45D /* Info.plist */ = {isa = PBXFileReference; lastKnownFileType = text.plist.xml; path = Info.plist; sourceTree = "<group>"; };
		3473CB7422FAD39F0092C45D /* Coordinator.swift */ = {isa = PBXFileReference; lastKnownFileType = sourcecode.swift; path = Coordinator.swift; sourceTree = "<group>"; };
		3473CB7622FAD4140092C45D /* AppCoordinator.swift */ = {isa = PBXFileReference; lastKnownFileType = sourcecode.swift; path = AppCoordinator.swift; sourceTree = "<group>"; };
		3473CB7822FADA9A0092C45D /* Storyboarded.swift */ = {isa = PBXFileReference; lastKnownFileType = sourcecode.swift; path = Storyboarded.swift; sourceTree = "<group>"; };
		3473CB7A22FAE00B0092C45D /* FirstViewController.swift */ = {isa = PBXFileReference; lastKnownFileType = sourcecode.swift; path = FirstViewController.swift; sourceTree = "<group>"; };
		3473CB7C22FAE0290092C45D /* SecondViewController.swift */ = {isa = PBXFileReference; lastKnownFileType = sourcecode.swift; path = SecondViewController.swift; sourceTree = "<group>"; };
		3473CB7E22FAE3680092C45D /* FirstCoordinator.swift */ = {isa = PBXFileReference; lastKnownFileType = sourcecode.swift; path = FirstCoordinator.swift; sourceTree = "<group>"; };
		3473CB8022FAE4820092C45D /* SecondCoordinator.swift */ = {isa = PBXFileReference; lastKnownFileType = sourcecode.swift; path = SecondCoordinator.swift; sourceTree = "<group>"; };
		3473CB9122FD7E3B0092C45D /* Constants.swift */ = {isa = PBXFileReference; lastKnownFileType = sourcecode.swift; path = Constants.swift; sourceTree = "<group>"; };
		3473CB9322FD82120092C45D /* PhotosSearchViewModelType.swift */ = {isa = PBXFileReference; lastKnownFileType = sourcecode.swift; path = PhotosSearchViewModelType.swift; sourceTree = "<group>"; };
		4E3AAF91C67654D23E296AB3 /* Pods-Git_MVVM_CTests.debug.xcconfig */ = {isa = PBXFileReference; includeInIndex = 1; lastKnownFileType = text.xcconfig; name = "Pods-Git_MVVM_CTests.debug.xcconfig"; path = "Target Support Files/Pods-Git_MVVM_CTests/Pods-Git_MVVM_CTests.debug.xcconfig"; sourceTree = "<group>"; };
		71FB5B4B30FF0F82439DF605 /* Pods-Git_MVVM_CUITests.debug.xcconfig */ = {isa = PBXFileReference; includeInIndex = 1; lastKnownFileType = text.xcconfig; name = "Pods-Git_MVVM_CUITests.debug.xcconfig"; path = "Target Support Files/Pods-Git_MVVM_CUITests/Pods-Git_MVVM_CUITests.debug.xcconfig"; sourceTree = "<group>"; };
		73CF0C95699A6B669F920E8C /* Pods_Git_MVVM_CTests.framework */ = {isa = PBXFileReference; explicitFileType = wrapper.framework; includeInIndex = 0; path = Pods_Git_MVVM_CTests.framework; sourceTree = BUILT_PRODUCTS_DIR; };
		C8B42B8F041C169123729358 /* Pods_Git_MVVM_CUITests.framework */ = {isa = PBXFileReference; explicitFileType = wrapper.framework; includeInIndex = 0; path = Pods_Git_MVVM_CUITests.framework; sourceTree = BUILT_PRODUCTS_DIR; };
		C8B834D271FCD3FBF44A4C07 /* Pods_Git_MVVM_C.framework */ = {isa = PBXFileReference; explicitFileType = wrapper.framework; includeInIndex = 0; path = Pods_Git_MVVM_C.framework; sourceTree = BUILT_PRODUCTS_DIR; };
		E5C23D4725F342B933DB5CE2 /* Pods-Git_MVVM_C.debug.xcconfig */ = {isa = PBXFileReference; includeInIndex = 1; lastKnownFileType = text.xcconfig; name = "Pods-Git_MVVM_C.debug.xcconfig"; path = "Target Support Files/Pods-Git_MVVM_C/Pods-Git_MVVM_C.debug.xcconfig"; sourceTree = "<group>"; };
		F3952F34C717AC29E48E4A4F /* Pods-Git_MVVM_CUITests.release.xcconfig */ = {isa = PBXFileReference; includeInIndex = 1; lastKnownFileType = text.xcconfig; name = "Pods-Git_MVVM_CUITests.release.xcconfig"; path = "Target Support Files/Pods-Git_MVVM_CUITests/Pods-Git_MVVM_CUITests.release.xcconfig"; sourceTree = "<group>"; };
/* End PBXFileReference section */

/* Begin PBXFrameworksBuildPhase section */
		3473CB4022FA5CFC0092C45D /* Frameworks */ = {
			isa = PBXFrameworksBuildPhase;
			buildActionMask = 2147483647;
			files = (
				E2E303453260530A7E3A92CF /* Pods_Git_MVVM_C.framework in Frameworks */,
			);
			runOnlyForDeploymentPostprocessing = 0;
		};
		3473CB5422FA5CFD0092C45D /* Frameworks */ = {
			isa = PBXFrameworksBuildPhase;
			buildActionMask = 2147483647;
			files = (
				58336447A17E32FBE8B7A9B7 /* Pods_Git_MVVM_CTests.framework in Frameworks */,
			);
			runOnlyForDeploymentPostprocessing = 0;
		};
		3473CB5F22FA5CFD0092C45D /* Frameworks */ = {
			isa = PBXFrameworksBuildPhase;
			buildActionMask = 2147483647;
			files = (
				98B14BBC69E4691FEB3C6DD5 /* Pods_Git_MVVM_CUITests.framework in Frameworks */,
			);
			runOnlyForDeploymentPostprocessing = 0;
		};
/* End PBXFrameworksBuildPhase section */

/* Begin PBXGroup section */
		3473CB3A22FA5CFC0092C45D = {
			isa = PBXGroup;
			children = (
				3473CB4522FA5CFC0092C45D /* Git_MVVM_C */,
				3473CB5A22FA5CFD0092C45D /* Git_MVVM_CTests */,
				3473CB6522FA5CFD0092C45D /* Git_MVVM_CUITests */,
				3473CB4422FA5CFC0092C45D /* Products */,
				5E7F2571E641EE592C106853 /* Pods */,
				A570D58C19990223B614449B /* Frameworks */,
			);
			sourceTree = "<group>";
		};
		3473CB4422FA5CFC0092C45D /* Products */ = {
			isa = PBXGroup;
			children = (
				3473CB4322FA5CFC0092C45D /* Git_MVVM_C.app */,
				3473CB5722FA5CFD0092C45D /* Git_MVVM_CTests.xctest */,
				3473CB6222FA5CFD0092C45D /* Git_MVVM_CUITests.xctest */,
			);
			name = Products;
			sourceTree = "<group>";
		};
		3473CB4522FA5CFC0092C45D /* Git_MVVM_C */ = {
			isa = PBXGroup;
			children = (
				3473CB4622FA5CFC0092C45D /* AppDelegate.swift */,
				3473CB4822FA5CFC0092C45D /* ViewController.swift */,
				3473CB4A22FA5CFC0092C45D /* Main.storyboard */,
				3473CB4D22FA5CFD0092C45D /* Assets.xcassets */,
				3473CB4F22FA5CFD0092C45D /* LaunchScreen.storyboard */,
				3473CB5222FA5CFD0092C45D /* Info.plist */,
				3473CB7422FAD39F0092C45D /* Coordinator.swift */,
				3473CB7622FAD4140092C45D /* AppCoordinator.swift */,
				3473CB7822FADA9A0092C45D /* Storyboarded.swift */,
				3473CB7A22FAE00B0092C45D /* FirstViewController.swift */,
				3473CB7C22FAE0290092C45D /* SecondViewController.swift */,
				3473CB7E22FAE3680092C45D /* FirstCoordinator.swift */,
				3473CB8022FAE4820092C45D /* SecondCoordinator.swift */,
				3473CB9122FD7E3B0092C45D /* Constants.swift */,
				3473CB9322FD82120092C45D /* PhotosSearchViewModelType.swift */,
			);
			path = Git_MVVM_C;
			sourceTree = "<group>";
		};
		3473CB5A22FA5CFD0092C45D /* Git_MVVM_CTests */ = {
			isa = PBXGroup;
			children = (
				3473CB5B22FA5CFD0092C45D /* Git_MVVM_CTests.swift */,
				3473CB5D22FA5CFD0092C45D /* Info.plist */,
			);
			path = Git_MVVM_CTests;
			sourceTree = "<group>";
		};
		3473CB6522FA5CFD0092C45D /* Git_MVVM_CUITests */ = {
			isa = PBXGroup;
			children = (
				3473CB6622FA5CFD0092C45D /* Git_MVVM_CUITests.swift */,
				3473CB6822FA5CFD0092C45D /* Info.plist */,
			);
			path = Git_MVVM_CUITests;
			sourceTree = "<group>";
		};
		5E7F2571E641EE592C106853 /* Pods */ = {
			isa = PBXGroup;
			children = (
				E5C23D4725F342B933DB5CE2 /* Pods-Git_MVVM_C.debug.xcconfig */,
				08D20AA74AAE567539E1349D /* Pods-Git_MVVM_C.release.xcconfig */,
				4E3AAF91C67654D23E296AB3 /* Pods-Git_MVVM_CTests.debug.xcconfig */,
				326345AE0E6F7B895721E49B /* Pods-Git_MVVM_CTests.release.xcconfig */,
				71FB5B4B30FF0F82439DF605 /* Pods-Git_MVVM_CUITests.debug.xcconfig */,
				F3952F34C717AC29E48E4A4F /* Pods-Git_MVVM_CUITests.release.xcconfig */,
			);
			name = Pods;
			path = Pods;
			sourceTree = "<group>";
		};
		A570D58C19990223B614449B /* Frameworks */ = {
			isa = PBXGroup;
			children = (
				C8B834D271FCD3FBF44A4C07 /* Pods_Git_MVVM_C.framework */,
				73CF0C95699A6B669F920E8C /* Pods_Git_MVVM_CTests.framework */,
				C8B42B8F041C169123729358 /* Pods_Git_MVVM_CUITests.framework */,
			);
			name = Frameworks;
			sourceTree = "<group>";
		};
/* End PBXGroup section */

/* Begin PBXNativeTarget section */
		3473CB4222FA5CFC0092C45D /* Git_MVVM_C */ = {
			isa = PBXNativeTarget;
			buildConfigurationList = 3473CB6B22FA5CFD0092C45D /* Build configuration list for PBXNativeTarget "Git_MVVM_C" */;
			buildPhases = (
				C735A12E41A72E6ADD1E777D /* [CP] Check Pods Manifest.lock */,
				3473CB3F22FA5CFC0092C45D /* Sources */,
				3473CB4022FA5CFC0092C45D /* Frameworks */,
				3473CB4122FA5CFC0092C45D /* Resources */,
				AC8847466F6AF33138CDB68A /* [CP] Embed Pods Frameworks */,
			);
			buildRules = (
			);
			dependencies = (
			);
			name = Git_MVVM_C;
			productName = Git_MVVM_C;
			productReference = 3473CB4322FA5CFC0092C45D /* Git_MVVM_C.app */;
			productType = "com.apple.product-type.application";
		};
		3473CB5622FA5CFD0092C45D /* Git_MVVM_CTests */ = {
			isa = PBXNativeTarget;
			buildConfigurationList = 3473CB6E22FA5CFD0092C45D /* Build configuration list for PBXNativeTarget "Git_MVVM_CTests" */;
			buildPhases = (
				284CCC6ADEAE108B76DB70F6 /* [CP] Check Pods Manifest.lock */,
				3473CB5322FA5CFD0092C45D /* Sources */,
				3473CB5422FA5CFD0092C45D /* Frameworks */,
				3473CB5522FA5CFD0092C45D /* Resources */,
			);
			buildRules = (
			);
			dependencies = (
				3473CB5922FA5CFD0092C45D /* PBXTargetDependency */,
			);
			name = Git_MVVM_CTests;
			productName = Git_MVVM_CTests;
			productReference = 3473CB5722FA5CFD0092C45D /* Git_MVVM_CTests.xctest */;
			productType = "com.apple.product-type.bundle.unit-test";
		};
		3473CB6122FA5CFD0092C45D /* Git_MVVM_CUITests */ = {
			isa = PBXNativeTarget;
			buildConfigurationList = 3473CB7122FA5CFD0092C45D /* Build configuration list for PBXNativeTarget "Git_MVVM_CUITests" */;
			buildPhases = (
				FC1FEF11AB5BE291F02C3C0A /* [CP] Check Pods Manifest.lock */,
				3473CB5E22FA5CFD0092C45D /* Sources */,
				3473CB5F22FA5CFD0092C45D /* Frameworks */,
				3473CB6022FA5CFD0092C45D /* Resources */,
			);
			buildRules = (
			);
			dependencies = (
				3473CB6422FA5CFD0092C45D /* PBXTargetDependency */,
			);
			name = Git_MVVM_CUITests;
			productName = Git_MVVM_CUITests;
			productReference = 3473CB6222FA5CFD0092C45D /* Git_MVVM_CUITests.xctest */;
			productType = "com.apple.product-type.bundle.ui-testing";
		};
/* End PBXNativeTarget section */

/* Begin PBXProject section */
		3473CB3B22FA5CFC0092C45D /* Project object */ = {
			isa = PBXProject;
			attributes = {
				LastSwiftUpdateCheck = 1030;
				LastUpgradeCheck = 1030;
				ORGANIZATIONNAME = Davidemi;
				TargetAttributes = {
					3473CB4222FA5CFC0092C45D = {
						CreatedOnToolsVersion = 10.3;
					};
					3473CB5622FA5CFD0092C45D = {
						CreatedOnToolsVersion = 10.3;
						TestTargetID = 3473CB4222FA5CFC0092C45D;
					};
					3473CB6122FA5CFD0092C45D = {
						CreatedOnToolsVersion = 10.3;
						TestTargetID = 3473CB4222FA5CFC0092C45D;
					};
				};
			};
			buildConfigurationList = 3473CB3E22FA5CFC0092C45D /* Build configuration list for PBXProject "Git_MVVM_C" */;
			compatibilityVersion = "Xcode 9.3";
			developmentRegion = en;
			hasScannedForEncodings = 0;
			knownRegions = (
				en,
				Base,
			);
			mainGroup = 3473CB3A22FA5CFC0092C45D;
			productRefGroup = 3473CB4422FA5CFC0092C45D /* Products */;
			projectDirPath = "";
			projectRoot = "";
			targets = (
				3473CB4222FA5CFC0092C45D /* Git_MVVM_C */,
				3473CB5622FA5CFD0092C45D /* Git_MVVM_CTests */,
				3473CB6122FA5CFD0092C45D /* Git_MVVM_CUITests */,
			);
		};
/* End PBXProject section */

/* Begin PBXResourcesBuildPhase section */
		3473CB4122FA5CFC0092C45D /* Resources */ = {
			isa = PBXResourcesBuildPhase;
			buildActionMask = 2147483647;
			files = (
				3473CB5122FA5CFD0092C45D /* LaunchScreen.storyboard in Resources */,
				3473CB4E22FA5CFD0092C45D /* Assets.xcassets in Resources */,
				3473CB4C22FA5CFC0092C45D /* Main.storyboard in Resources */,
			);
			runOnlyForDeploymentPostprocessing = 0;
		};
		3473CB5522FA5CFD0092C45D /* Resources */ = {
			isa = PBXResourcesBuildPhase;
			buildActionMask = 2147483647;
			files = (
			);
			runOnlyForDeploymentPostprocessing = 0;
		};
		3473CB6022FA5CFD0092C45D /* Resources */ = {
			isa = PBXResourcesBuildPhase;
			buildActionMask = 2147483647;
			files = (
			);
			runOnlyForDeploymentPostprocessing = 0;
		};
/* End PBXResourcesBuildPhase section */

/* Begin PBXShellScriptBuildPhase section */
		284CCC6ADEAE108B76DB70F6 /* [CP] Check Pods Manifest.lock */ = {
			isa = PBXShellScriptBuildPhase;
			buildActionMask = 2147483647;
			files = (
			);
			inputFileListPaths = (
			);
			inputPaths = (
				"${PODS_PODFILE_DIR_PATH}/Podfile.lock",
				"${PODS_ROOT}/Manifest.lock",
			);
			name = "[CP] Check Pods Manifest.lock";
			outputFileListPaths = (
			);
			outputPaths = (
				"$(DERIVED_FILE_DIR)/Pods-Git_MVVM_CTests-checkManifestLockResult.txt",
			);
			runOnlyForDeploymentPostprocessing = 0;
			shellPath = /bin/sh;
			shellScript = "diff \"${PODS_PODFILE_DIR_PATH}/Podfile.lock\" \"${PODS_ROOT}/Manifest.lock\" > /dev/null\nif [ $? != 0 ] ; then\n    # print error to STDERR\n    echo \"error: The sandbox is not in sync with the Podfile.lock. Run 'pod install' or update your CocoaPods installation.\" >&2\n    exit 1\nfi\n# This output is used by Xcode 'outputs' to avoid re-running this script phase.\necho \"SUCCESS\" > \"${SCRIPT_OUTPUT_FILE_0}\"\n";
			showEnvVarsInLog = 0;
		};
		AC8847466F6AF33138CDB68A /* [CP] Embed Pods Frameworks */ = {
			isa = PBXShellScriptBuildPhase;
			buildActionMask = 2147483647;
			files = (
			);
			inputFileListPaths = (
				"${PODS_ROOT}/Target Support Files/Pods-Git_MVVM_C/Pods-Git_MVVM_C-frameworks-${CONFIGURATION}-input-files.xcfilelist",
			);
			name = "[CP] Embed Pods Frameworks";
			outputFileListPaths = (
				"${PODS_ROOT}/Target Support Files/Pods-Git_MVVM_C/Pods-Git_MVVM_C-frameworks-${CONFIGURATION}-output-files.xcfilelist",
			);
			runOnlyForDeploymentPostprocessing = 0;
			shellPath = /bin/sh;
			shellScript = "\"${PODS_ROOT}/Target Support Files/Pods-Git_MVVM_C/Pods-Git_MVVM_C-frameworks.sh\"\n";
			showEnvVarsInLog = 0;
		};
		C735A12E41A72E6ADD1E777D /* [CP] Check Pods Manifest.lock */ = {
			isa = PBXShellScriptBuildPhase;
			buildActionMask = 2147483647;
			files = (
			);
			inputFileListPaths = (
			);
			inputPaths = (
				"${PODS_PODFILE_DIR_PATH}/Podfile.lock",
				"${PODS_ROOT}/Manifest.lock",
			);
			name = "[CP] Check Pods Manifest.lock";
			outputFileListPaths = (
			);
			outputPaths = (
				"$(DERIVED_FILE_DIR)/Pods-Git_MVVM_C-checkManifestLockResult.txt",
			);
			runOnlyForDeploymentPostprocessing = 0;
			shellPath = /bin/sh;
			shellScript = "diff \"${PODS_PODFILE_DIR_PATH}/Podfile.lock\" \"${PODS_ROOT}/Manifest.lock\" > /dev/null\nif [ $? != 0 ] ; then\n    # print error to STDERR\n    echo \"error: The sandbox is not in sync with the Podfile.lock. Run 'pod install' or update your CocoaPods installation.\" >&2\n    exit 1\nfi\n# This output is used by Xcode 'outputs' to avoid re-running this script phase.\necho \"SUCCESS\" > \"${SCRIPT_OUTPUT_FILE_0}\"\n";
			showEnvVarsInLog = 0;
		};
		FC1FEF11AB5BE291F02C3C0A /* [CP] Check Pods Manifest.lock */ = {
			isa = PBXShellScriptBuildPhase;
			buildActionMask = 2147483647;
			files = (
			);
			inputFileListPaths = (
			);
			inputPaths = (
				"${PODS_PODFILE_DIR_PATH}/Podfile.lock",
				"${PODS_ROOT}/Manifest.lock",
			);
			name = "[CP] Check Pods Manifest.lock";
			outputFileListPaths = (
			);
			outputPaths = (
				"$(DERIVED_FILE_DIR)/Pods-Git_MVVM_CUITests-checkManifestLockResult.txt",
			);
			runOnlyForDeploymentPostprocessing = 0;
			shellPath = /bin/sh;
			shellScript = "diff \"${PODS_PODFILE_DIR_PATH}/Podfile.lock\" \"${PODS_ROOT}/Manifest.lock\" > /dev/null\nif [ $? != 0 ] ; then\n    # print error to STDERR\n    echo \"error: The sandbox is not in sync with the Podfile.lock. Run 'pod install' or update your CocoaPods installation.\" >&2\n    exit 1\nfi\n# This output is used by Xcode 'outputs' to avoid re-running this script phase.\necho \"SUCCESS\" > \"${SCRIPT_OUTPUT_FILE_0}\"\n";
			showEnvVarsInLog = 0;
		};
/* End PBXShellScriptBuildPhase section */

/* Begin PBXSourcesBuildPhase section */
		3473CB3F22FA5CFC0092C45D /* Sources */ = {
			isa = PBXSourcesBuildPhase;
			buildActionMask = 2147483647;
			files = (
				3473CB7722FAD4140092C45D /* AppCoordinator.swift in Sources */,
				3473CB4922FA5CFC0092C45D /* ViewController.swift in Sources */,
				3473CB9422FD82120092C45D /* PhotosSearchViewModelType.swift in Sources */,
				3473CB8122FAE4820092C45D /* SecondCoordinator.swift in Sources */,
				3473CB7922FADA9A0092C45D /* Storyboarded.swift in Sources */,
				3473CB7B22FAE00B0092C45D /* FirstViewController.swift in Sources */,
				3473CB9222FD7E3B0092C45D /* Constants.swift in Sources */,
				3473CB7D22FAE0290092C45D /* SecondViewController.swift in Sources */,
				3473CB7F22FAE3680092C45D /* FirstCoordinator.swift in Sources */,
				3473CB4722FA5CFC0092C45D /* AppDelegate.swift in Sources */,
				3473CB7522FAD39F0092C45D /* Coordinator.swift in Sources */,
			);
			runOnlyForDeploymentPostprocessing = 0;
		};
		3473CB5322FA5CFD0092C45D /* Sources */ = {
			isa = PBXSourcesBuildPhase;
			buildActionMask = 2147483647;
			files = (
				3473CB5C22FA5CFD0092C45D /* Git_MVVM_CTests.swift in Sources */,
			);
			runOnlyForDeploymentPostprocessing = 0;
		};
		3473CB5E22FA5CFD0092C45D /* Sources */ = {
			isa = PBXSourcesBuildPhase;
			buildActionMask = 2147483647;
			files = (
				3473CB6722FA5CFD0092C45D /* Git_MVVM_CUITests.swift in Sources */,
			);
			runOnlyForDeploymentPostprocessing = 0;
		};
/* End PBXSourcesBuildPhase section */

/* Begin PBXTargetDependency section */
		3473CB5922FA5CFD0092C45D /* PBXTargetDependency */ = {
			isa = PBXTargetDependency;
			target = 3473CB4222FA5CFC0092C45D /* Git_MVVM_C */;
			targetProxy = 3473CB5822FA5CFD0092C45D /* PBXContainerItemProxy */;
		};
		3473CB6422FA5CFD0092C45D /* PBXTargetDependency */ = {
			isa = PBXTargetDependency;
			target = 3473CB4222FA5CFC0092C45D /* Git_MVVM_C */;
			targetProxy = 3473CB6322FA5CFD0092C45D /* PBXContainerItemProxy */;
		};
/* End PBXTargetDependency section */

/* Begin PBXVariantGroup section */
		3473CB4A22FA5CFC0092C45D /* Main.storyboard */ = {
			isa = PBXVariantGroup;
			children = (
				3473CB4B22FA5CFC0092C45D /* Base */,
			);
			name = Main.storyboard;
			sourceTree = "<group>";
		};
		3473CB4F22FA5CFD0092C45D /* LaunchScreen.storyboard */ = {
			isa = PBXVariantGroup;
			children = (
				3473CB5022FA5CFD0092C45D /* Base */,
			);
			name = LaunchScreen.storyboard;
			sourceTree = "<group>";
		};
/* End PBXVariantGroup section */

/* Begin XCBuildConfiguration section */
		3473CB6922FA5CFD0092C45D /* Debug */ = {
			isa = XCBuildConfiguration;
			buildSettings = {
				ALWAYS_SEARCH_USER_PATHS = NO;
				CLANG_ANALYZER_NONNULL = YES;
				CLANG_ANALYZER_NUMBER_OBJECT_CONVERSION = YES_AGGRESSIVE;
				CLANG_CXX_LANGUAGE_STANDARD = "gnu++14";
				CLANG_CXX_LIBRARY = "libc++";
				CLANG_ENABLE_MODULES = YES;
				CLANG_ENABLE_OBJC_ARC = YES;
				CLANG_ENABLE_OBJC_WEAK = YES;
				CLANG_WARN_BLOCK_CAPTURE_AUTORELEASING = YES;
				CLANG_WARN_BOOL_CONVERSION = YES;
				CLANG_WARN_COMMA = YES;
				CLANG_WARN_CONSTANT_CONVERSION = YES;
				CLANG_WARN_DEPRECATED_OBJC_IMPLEMENTATIONS = YES;
				CLANG_WARN_DIRECT_OBJC_ISA_USAGE = YES_ERROR;
				CLANG_WARN_DOCUMENTATION_COMMENTS = YES;
				CLANG_WARN_EMPTY_BODY = YES;
				CLANG_WARN_ENUM_CONVERSION = YES;
				CLANG_WARN_INFINITE_RECURSION = YES;
				CLANG_WARN_INT_CONVERSION = YES;
				CLANG_WARN_NON_LITERAL_NULL_CONVERSION = YES;
				CLANG_WARN_OBJC_IMPLICIT_RETAIN_SELF = YES;
				CLANG_WARN_OBJC_LITERAL_CONVERSION = YES;
				CLANG_WARN_OBJC_ROOT_CLASS = YES_ERROR;
				CLANG_WARN_RANGE_LOOP_ANALYSIS = YES;
				CLANG_WARN_STRICT_PROTOTYPES = YES;
				CLANG_WARN_SUSPICIOUS_MOVE = YES;
				CLANG_WARN_UNGUARDED_AVAILABILITY = YES_AGGRESSIVE;
				CLANG_WARN_UNREACHABLE_CODE = YES;
				CLANG_WARN__DUPLICATE_METHOD_MATCH = YES;
				CODE_SIGN_IDENTITY = "iPhone Developer";
				COPY_PHASE_STRIP = NO;
				DEBUG_INFORMATION_FORMAT = dwarf;
				ENABLE_STRICT_OBJC_MSGSEND = YES;
				ENABLE_TESTABILITY = YES;
				GCC_C_LANGUAGE_STANDARD = gnu11;
				GCC_DYNAMIC_NO_PIC = NO;
				GCC_NO_COMMON_BLOCKS = YES;
				GCC_OPTIMIZATION_LEVEL = 0;
				GCC_PREPROCESSOR_DEFINITIONS = (
					"DEBUG=1",
					"$(inherited)",
				);
				GCC_WARN_64_TO_32_BIT_CONVERSION = YES;
				GCC_WARN_ABOUT_RETURN_TYPE = YES_ERROR;
				GCC_WARN_UNDECLARED_SELECTOR = YES;
				GCC_WARN_UNINITIALIZED_AUTOS = YES_AGGRESSIVE;
				GCC_WARN_UNUSED_FUNCTION = YES;
				GCC_WARN_UNUSED_VARIABLE = YES;
				IPHONEOS_DEPLOYMENT_TARGET = 12.4;
				MTL_ENABLE_DEBUG_INFO = INCLUDE_SOURCE;
				MTL_FAST_MATH = YES;
				ONLY_ACTIVE_ARCH = YES;
				SDKROOT = iphoneos;
				SWIFT_ACTIVE_COMPILATION_CONDITIONS = DEBUG;
				SWIFT_OPTIMIZATION_LEVEL = "-Onone";
			};
			name = Debug;
		};
		3473CB6A22FA5CFD0092C45D /* Release */ = {
			isa = XCBuildConfiguration;
			buildSettings = {
				ALWAYS_SEARCH_USER_PATHS = NO;
				CLANG_ANALYZER_NONNULL = YES;
				CLANG_ANALYZER_NUMBER_OBJECT_CONVERSION = YES_AGGRESSIVE;
				CLANG_CXX_LANGUAGE_STANDARD = "gnu++14";
				CLANG_CXX_LIBRARY = "libc++";
				CLANG_ENABLE_MODULES = YES;
				CLANG_ENABLE_OBJC_ARC = YES;
				CLANG_ENABLE_OBJC_WEAK = YES;
				CLANG_WARN_BLOCK_CAPTURE_AUTORELEASING = YES;
				CLANG_WARN_BOOL_CONVERSION = YES;
				CLANG_WARN_COMMA = YES;
				CLANG_WARN_CONSTANT_CONVERSION = YES;
				CLANG_WARN_DEPRECATED_OBJC_IMPLEMENTATIONS = YES;
				CLANG_WARN_DIRECT_OBJC_ISA_USAGE = YES_ERROR;
				CLANG_WARN_DOCUMENTATION_COMMENTS = YES;
				CLANG_WARN_EMPTY_BODY = YES;
				CLANG_WARN_ENUM_CONVERSION = YES;
				CLANG_WARN_INFINITE_RECURSION = YES;
				CLANG_WARN_INT_CONVERSION = YES;
				CLANG_WARN_NON_LITERAL_NULL_CONVERSION = YES;
				CLANG_WARN_OBJC_IMPLICIT_RETAIN_SELF = YES;
				CLANG_WARN_OBJC_LITERAL_CONVERSION = YES;
				CLANG_WARN_OBJC_ROOT_CLASS = YES_ERROR;
				CLANG_WARN_RANGE_LOOP_ANALYSIS = YES;
				CLANG_WARN_STRICT_PROTOTYPES = YES;
				CLANG_WARN_SUSPICIOUS_MOVE = YES;
				CLANG_WARN_UNGUARDED_AVAILABILITY = YES_AGGRESSIVE;
				CLANG_WARN_UNREACHABLE_CODE = YES;
				CLANG_WARN__DUPLICATE_METHOD_MATCH = YES;
				CODE_SIGN_IDENTITY = "iPhone Developer";
				COPY_PHASE_STRIP = NO;
				DEBUG_INFORMATION_FORMAT = "dwarf-with-dsym";
				ENABLE_NS_ASSERTIONS = NO;
				ENABLE_STRICT_OBJC_MSGSEND = YES;
				GCC_C_LANGUAGE_STANDARD = gnu11;
				GCC_NO_COMMON_BLOCKS = YES;
				GCC_WARN_64_TO_32_BIT_CONVERSION = YES;
				GCC_WARN_ABOUT_RETURN_TYPE = YES_ERROR;
				GCC_WARN_UNDECLARED_SELECTOR = YES;
				GCC_WARN_UNINITIALIZED_AUTOS = YES_AGGRESSIVE;
				GCC_WARN_UNUSED_FUNCTION = YES;
				GCC_WARN_UNUSED_VARIABLE = YES;
				IPHONEOS_DEPLOYMENT_TARGET = 12.4;
				MTL_ENABLE_DEBUG_INFO = NO;
				MTL_FAST_MATH = YES;
				SDKROOT = iphoneos;
				SWIFT_COMPILATION_MODE = wholemodule;
				SWIFT_OPTIMIZATION_LEVEL = "-O";
				VALIDATE_PRODUCT = YES;
			};
			name = Release;
		};
		3473CB6C22FA5CFD0092C45D /* Debug */ = {
			isa = XCBuildConfiguration;
			baseConfigurationReference = E5C23D4725F342B933DB5CE2 /* Pods-Git_MVVM_C.debug.xcconfig */;
			buildSettings = {
				ASSETCATALOG_COMPILER_APPICON_NAME = AppIcon;
				CODE_SIGN_STYLE = Automatic;
				DEVELOPMENT_TEAM = A8SA62ZA26;
				INFOPLIST_FILE = Git_MVVM_C/Info.plist;
				IPHONEOS_DEPLOYMENT_TARGET = 12.0;
				LD_RUNPATH_SEARCH_PATHS = (
					"$(inherited)",
					"@executable_path/Frameworks",
				);
				PRODUCT_BUNDLE_IDENTIFIER = "com.davidemi.Git-MVVM-C";
				PRODUCT_NAME = "$(TARGET_NAME)";
				SWIFT_VERSION = 5.0;
				TARGETED_DEVICE_FAMILY = "1,2";
			};
			name = Debug;
		};
		3473CB6D22FA5CFD0092C45D /* Release */ = {
			isa = XCBuildConfiguration;
			baseConfigurationReference = 08D20AA74AAE567539E1349D /* Pods-Git_MVVM_C.release.xcconfig */;
			buildSettings = {
				ASSETCATALOG_COMPILER_APPICON_NAME = AppIcon;
				CODE_SIGN_STYLE = Automatic;
				DEVELOPMENT_TEAM = A8SA62ZA26;
				INFOPLIST_FILE = Git_MVVM_C/Info.plist;
				IPHONEOS_DEPLOYMENT_TARGET = 12.0;
				LD_RUNPATH_SEARCH_PATHS = (
					"$(inherited)",
					"@executable_path/Frameworks",
				);
				PRODUCT_BUNDLE_IDENTIFIER = "com.davidemi.Git-MVVM-C";
				PRODUCT_NAME = "$(TARGET_NAME)";
				SWIFT_VERSION = 5.0;
				TARGETED_DEVICE_FAMILY = "1,2";
			};
			name = Release;
		};
		3473CB6F22FA5CFD0092C45D /* Debug */ = {
			isa = XCBuildConfiguration;
			baseConfigurationReference = 4E3AAF91C67654D23E296AB3 /* Pods-Git_MVVM_CTests.debug.xcconfig */;
			buildSettings = {
				ALWAYS_EMBED_SWIFT_STANDARD_LIBRARIES = YES;
				BUNDLE_LOADER = "$(TEST_HOST)";
				CODE_SIGN_STYLE = Automatic;
				DEVELOPMENT_TEAM = A8SA62ZA26;
				INFOPLIST_FILE = Git_MVVM_CTests/Info.plist;
				LD_RUNPATH_SEARCH_PATHS = (
					"$(inherited)",
					"@executable_path/Frameworks",
					"@loader_path/Frameworks",
				);
				PRODUCT_BUNDLE_IDENTIFIER = "com.davidemi.Git-MVVM-CTests";
				PRODUCT_NAME = "$(TARGET_NAME)";
				SWIFT_VERSION = 5.0;
				TARGETED_DEVICE_FAMILY = "1,2";
				TEST_HOST = "$(BUILT_PRODUCTS_DIR)/Git_MVVM_C.app/Git_MVVM_C";
			};
			name = Debug;
		};
		3473CB7022FA5CFD0092C45D /* Release */ = {
			isa = XCBuildConfiguration;
			baseConfigurationReference = 326345AE0E6F7B895721E49B /* Pods-Git_MVVM_CTests.release.xcconfig */;
			buildSettings = {
				ALWAYS_EMBED_SWIFT_STANDARD_LIBRARIES = YES;
				BUNDLE_LOADER = "$(TEST_HOST)";
				CODE_SIGN_STYLE = Automatic;
				DEVELOPMENT_TEAM = A8SA62ZA26;
				INFOPLIST_FILE = Git_MVVM_CTests/Info.plist;
				LD_RUNPATH_SEARCH_PATHS = (
					"$(inherited)",
					"@executable_path/Frameworks",
					"@loader_path/Frameworks",
				);
				PRODUCT_BUNDLE_IDENTIFIER = "com.davidemi.Git-MVVM-CTests";
				PRODUCT_NAME = "$(TARGET_NAME)";
				SWIFT_VERSION = 5.0;
				TARGETED_DEVICE_FAMILY = "1,2";
				TEST_HOST = "$(BUILT_PRODUCTS_DIR)/Git_MVVM_C.app/Git_MVVM_C";
			};
			name = Release;
		};
		3473CB7222FA5CFD0092C45D /* Debug */ = {
			isa = XCBuildConfiguration;
			baseConfigurationReference = 71FB5B4B30FF0F82439DF605 /* Pods-Git_MVVM_CUITests.debug.xcconfig */;
			buildSettings = {
				ALWAYS_EMBED_SWIFT_STANDARD_LIBRARIES = YES;
				CODE_SIGN_STYLE = Automatic;
				DEVELOPMENT_TEAM = A8SA62ZA26;
				INFOPLIST_FILE = Git_MVVM_CUITests/Info.plist;
				LD_RUNPATH_SEARCH_PATHS = (
					"$(inherited)",
					"@executable_path/Frameworks",
					"@loader_path/Frameworks",
				);
				PRODUCT_BUNDLE_IDENTIFIER = "com.davidemi.Git-MVVM-CUITests";
				PRODUCT_NAME = "$(TARGET_NAME)";
				SWIFT_VERSION = 5.0;
				TARGETED_DEVICE_FAMILY = "1,2";
				TEST_TARGET_NAME = Git_MVVM_C;
			};
			name = Debug;
		};
		3473CB7322FA5CFD0092C45D /* Release */ = {
			isa = XCBuildConfiguration;
			baseConfigurationReference = F3952F34C717AC29E48E4A4F /* Pods-Git_MVVM_CUITests.release.xcconfig */;
			buildSettings = {
				ALWAYS_EMBED_SWIFT_STANDARD_LIBRARIES = YES;
				CODE_SIGN_STYLE = Automatic;
				DEVELOPMENT_TEAM = A8SA62ZA26;
				INFOPLIST_FILE = Git_MVVM_CUITests/Info.plist;
				LD_RUNPATH_SEARCH_PATHS = (
					"$(inherited)",
					"@executable_path/Frameworks",
					"@loader_path/Frameworks",
				);
				PRODUCT_BUNDLE_IDENTIFIER = "com.davidemi.Git-MVVM-CUITests";
				PRODUCT_NAME = "$(TARGET_NAME)";
				SWIFT_VERSION = 5.0;
				TARGETED_DEVICE_FAMILY = "1,2";
				TEST_TARGET_NAME = Git_MVVM_C;
			};
			name = Release;
		};
/* End XCBuildConfiguration section */

/* Begin XCConfigurationList section */
		3473CB3E22FA5CFC0092C45D /* Build configuration list for PBXProject "Git_MVVM_C" */ = {
			isa = XCConfigurationList;
			buildConfigurations = (
				3473CB6922FA5CFD0092C45D /* Debug */,
				3473CB6A22FA5CFD0092C45D /* Release */,
			);
			defaultConfigurationIsVisible = 0;
			defaultConfigurationName = Release;
		};
		3473CB6B22FA5CFD0092C45D /* Build configuration list for PBXNativeTarget "Git_MVVM_C" */ = {
			isa = XCConfigurationList;
			buildConfigurations = (
				3473CB6C22FA5CFD0092C45D /* Debug */,
				3473CB6D22FA5CFD0092C45D /* Release */,
			);
			defaultConfigurationIsVisible = 0;
			defaultConfigurationName = Release;
		};
		3473CB6E22FA5CFD0092C45D /* Build configuration list for PBXNativeTarget "Git_MVVM_CTests" */ = {
			isa = XCConfigurationList;
			buildConfigurations = (
				3473CB6F22FA5CFD0092C45D /* Debug */,
				3473CB7022FA5CFD0092C45D /* Release */,
			);
			defaultConfigurationIsVisible = 0;
			defaultConfigurationName = Release;
		};
		3473CB7122FA5CFD0092C45D /* Build configuration list for PBXNativeTarget "Git_MVVM_CUITests" */ = {
			isa = XCConfigurationList;
			buildConfigurations = (
				3473CB7222FA5CFD0092C45D /* Debug */,
				3473CB7322FA5CFD0092C45D /* Release */,
			);
			defaultConfigurationIsVisible = 0;
			defaultConfigurationName = Release;
		};
/* End XCConfigurationList section */
	};
	rootObject = 3473CB3B22FA5CFC0092C45D /* Project object */;
}
